
Microsoft Visual Studio Solution File, Format Version 12.00
# Visual Studio Version 17
VisualStudioVersion = 17.5.33424.131
MinimumVisualStudioVersion = 10.0.40219.1
Project("{FAE04EC0-301F-11D3-BF4B-00C04F79EFBC}") = "C36FactoryPatternDemo", "C36FactoryPatternDemo\C36FactoryPatternDemo.csproj", "{E2C7EA8B-A881-4ACE-B30F-76B836438EC0}"
EndProject
Global
	GlobalSection(SolutionConfigurationPlatforms) = preSolution
		Debug|Any CPU = Debug|Any CPU
		Release|Any CPU = Release|Any CPU
	EndGlobalSection
	GlobalSection(ProjectConfigurationPlatforms) = postSolution
		{E2C7EA8B-A881-4ACE-B30F-76B836438EC0}.Debug|Any CPU.ActiveCfg = Debug|Any CPU
		{E2C7EA8B-A881-4ACE-B30F-76B836438EC0}.Debug|Any CPU.Build.0 = Debug|Any CPU
		{E2C7EA8B-A881-4ACE-B30F-76B836438EC0}.Release|Any CPU.ActiveCfg = Release|Any CPU
		{E2C7EA8B-A881-4ACE-B30F-76B836438EC0}.Release|Any CPU.Build.0 = Release|Any CPU
	EndGlobalSection
	GlobalSection(SolutionProperties) = preSolution
		HideSolutionNode = FALSE
	EndGlobalSection
	GlobalSection(ExtensibilityGlobals) = postSolution
		SolutionGuid = {33408364-BE0B-48CB-AE16-7D3CC256C3E8}
	EndGlobalSection
EndGlobal
